PODS:
  - AMTextFieldPickerExtension (0.3.1)
  - BBBadgeBarButtonItem (1.2)
  - Bolts (1.7.0):
    - Bolts/AppLinks (= 1.7.0)
    - Bolts/Tasks (= 1.7.0)
  - Bolts/AppLinks (1.7.0):
    - Bolts/Tasks
  - Bolts/Tasks (1.7.0)
  - ColorArt (0.1.1)
  - CountdownLabel (1.1.2):
    - LTMorphingLabel (~> 0.1.1)
  - CSStickyHeaderFlowLayout (0.2.10)
  - DateTools (1.7.0)
  - DynamicColor (2.4.0)
  - FBSDKCoreKit (4.13.0):
    - Bolts (~> 1.7)
  - FBSDKLoginKit (4.13.0):
    - FBSDKCoreKit
  - FBSDKShareKit (4.13.0):
    - FBSDKCoreKit
  - IQKeyboardManagerSwift (4.0.3)
  - JVFloatLabeledTextField (1.1.0)
  - KDEDateLabel (1.2.0)
  - KRLCollectionViewGridLayout (0.4.1)
  - LTMorphingLabel (0.1.1)
  - MarqueeLabel (2.7.5):
    - MarqueeLabel/ObjC (= 2.7.5)
  - MarqueeLabel/ObjC (2.7.5)
  - NVActivityIndicatorView (2.8)
  - Parse (1.13.0):
    - Bolts/Tasks (~> 1.6)
  - ParseFacebookUtilsV4 (1.11.1):
    - Bolts/Tasks (>= 1.6)
    - FBSDKCoreKit (~> 4.10)
    - FBSDKLoginKit (~> 4.10)
    - FBSDKTVOSKit (~> 4.10)
    - Parse (~> 1.12)
  - QBImagePickerController (3.4.0)
  - SDWebImage (3.8.1):
    - SDWebImage/Core (= 3.8.1)
  - SDWebImage/Core (3.8.1)
  - SkyFloatingLabelTextField (1.2.1)
  - swiftScan (1.0.8)
  - SwiftyJSON (2.3.2)
  - SZTextView (1.2.2)
  - TouchVisualizer (1.4.0)
  - TPKeyboardAvoiding (1.3)
  - TTTAttributedLabel (2.0.0)
  - UIColor_Hex_Swift (2.1)

DEPENDENCIES:
  - AMTextFieldPickerExtension
  - BBBadgeBarButtonItem
  - ColorArt
  - CountdownLabel
  - CSStickyHeaderFlowLayout
  - DateTools
  - DynamicColor (= 2.4.0)
  - FBSDKCoreKit
  - FBSDKLoginKit
  - FBSDKShareKit
  - IQKeyboardManagerSwift
  - JVFloatLabeledTextField
  - KDEDateLabel
  - KRLCollectionViewGridLayout
  - MarqueeLabel
  - NVActivityIndicatorView
  - Parse
  - ParseFacebookUtilsV4
  - QBImagePickerController
  - SDWebImage
  - SkyFloatingLabelTextField
  - swiftScan
  - SwiftyJSON
  - SZTextView
  - TouchVisualizer
  - TPKeyboardAvoiding
  - TTTAttributedLabel
  - UIColor_Hex_Swift

SPEC CHECKSUMS:
  AMTextFieldPickerExtension: 06df70cd763c6a2bc76cc565eeb97da887b1fb4e
  BBBadgeBarButtonItem: c2fbca0bff18e21b70defc9438a8a5048008e7ca
  Bolts: a0058fa3b331c5a1e4402d534f2dae36dbff31e4
  ColorArt: de0ffb63da4acdde8e234ded62e200236ca3e7e4
  CountdownLabel: 06f96abd1f6e3a2dc6795ffb321c742ab5959b74
  CSStickyHeaderFlowLayout: 5366582779d8b7c9ba9b9cc729c218cc23888776
  DateTools: 53288ee8b905fdc75897a1e6b5cc0144b14cba60
  DynamicColor: 2f3fd61053684667bad9f03045dcf9a2a5a007ea
  FBSDKCoreKit: 322234a989549a4594ddf02fdcf60bef80f97341
  FBSDKLoginKit: 7a0ee41905a3e008a1b89aa26cd21717a45b9b9c
  FBSDKShareKit: 4b714a6f381168908b2e7c0d302641897c69dcd6
  IQKeyboardManagerSwift: b6883b720b0e76473692fdc80828442566e1075f
  JVFloatLabeledTextField: ea4a3d8387ddd43724c472bb2b8ab39b79af05d4
  KDEDateLabel: f37824a632879ef72f3cabaf847bf95743d93882
  KRLCollectionViewGridLayout: 6363dc7e3d91cf1f97e19ed20846764566659596
  LTMorphingLabel: dfc40f43a0dcf81867b1f29431f34e861a5f1b35
  MarqueeLabel: bd476f1a91e4414a6aec4ea4096a9979e8c8c2ad
  NVActivityIndicatorView: 6aba1dbbd893f615a9452c9e66ae46473e1ce092
  Parse: f51c24d2feb412e4b2d6cc73d37cb24e8d0089bc
  ParseFacebookUtilsV4: 2f30c2b7021c8005d3042781da7ef87d06589421
  QBImagePickerController: d54cf93db6decf26baf6ed3472f336ef35cae022
  SDWebImage: 35f9627a3e44b4f292a8a8ce6a531fa488239b91
  SkyFloatingLabelTextField: 3f6610aded18e778df5cfab3b9e12a11b3e014e9
  swiftScan: 2dc76303bc7c2dcb7bde9c539f9bd6a7520abc8e
  SwiftyJSON: 04ccea08915aa0109039157c7974cf0298da292a
  SZTextView: 3a81174dce0710a9ab069bc73a813e6df53b9c82
  TouchVisualizer: 44c1a7a6e1b6526df7673f68400072363ecd3bf6
  TPKeyboardAvoiding: a5138f318c06fb3e151f886e18ce4a72695d9cbe
  TTTAttributedLabel: 8cffe8e127e4e82ff3af1e5386d4cd0ad000b656
  UIColor_Hex_Swift: e91dc51f6bf252ec7bf74c8704ceedeeb7640c1c

COCOAPODS: 0.39.0
